
Microsoft Visual Studio Solution File, Format Version 12.00
# Visual Studio 15
VisualStudioVersion = 15.0.26228.4
MinimumVisualStudioVersion = 10.0.40219.1
Project("{9A19103F-16F7-4668-BE54-9A1E7A4F7556}") = "Coda.Payroll", "Coda.Payroll\Coda.Payroll.csproj", "{2A700254-0A8B-45FD-823D-6C805F1B41DD}"
EndProject
Project("{FAE04EC0-301F-11D3-BF4B-00C04F79EFBC}") = "Coda.Payroll.Tests", "Coda.Payroll.Tests\Coda.Payroll.Tests.csproj", "{1AD2EB03-4586-4A7D-B434-2AEDF7B89817}"
EndProject
Project("{9A19103F-16F7-4668-BE54-9A1E7A4F7556}") = "Coda.Payroll.DependencyInjection", "Coda.Payroll.DependencyInjection\Coda.Payroll.DependencyInjection.csproj", "{2DB25539-2372-4E08-962C-CE870B0414BA}"
EndProject
Global
	GlobalSection(SolutionConfigurationPlatforms) = preSolution
		Debug|Any CPU = Debug|Any CPU
		Debug|x64 = Debug|x64
		Debug|x86 = Debug|x86
		Release|Any CPU = Release|Any CPU
		Release|x64 = Release|x64
		Release|x86 = Release|x86
	EndGlobalSection
	GlobalSection(ProjectConfigurationPlatforms) = postSolution
		{2A700254-0A8B-45FD-823D-6C805F1B41DD}.Debug|Any CPU.ActiveCfg = Debug|Any CPU
		{2A700254-0A8B-45FD-823D-6C805F1B41DD}.Debug|Any CPU.Build.0 = Debug|Any CPU
		{2A700254-0A8B-45FD-823D-6C805F1B41DD}.Debug|x64.ActiveCfg = Debug|Any CPU
		{2A700254-0A8B-45FD-823D-6C805F1B41DD}.Debug|x64.Build.0 = Debug|Any CPU
		{2A700254-0A8B-45FD-823D-6C805F1B41DD}.Debug|x86.ActiveCfg = Debug|Any CPU
		{2A700254-0A8B-45FD-823D-6C805F1B41DD}.Debug|x86.Build.0 = Debug|Any CPU
		{2A700254-0A8B-45FD-823D-6C805F1B41DD}.Release|Any CPU.ActiveCfg = Release|Any CPU
		{2A700254-0A8B-45FD-823D-6C805F1B41DD}.Release|Any CPU.Build.0 = Release|Any CPU
		{2A700254-0A8B-45FD-823D-6C805F1B41DD}.Release|x64.ActiveCfg = Release|Any CPU
		{2A700254-0A8B-45FD-823D-6C805F1B41DD}.Release|x64.Build.0 = Release|Any CPU
		{2A700254-0A8B-45FD-823D-6C805F1B41DD}.Release|x86.ActiveCfg = Release|Any CPU
		{2A700254-0A8B-45FD-823D-6C805F1B41DD}.Release|x86.Build.0 = Release|Any CPU
		{1AD2EB03-4586-4A7D-B434-2AEDF7B89817}.Debug|Any CPU.ActiveCfg = Debug|Any CPU
		{1AD2EB03-4586-4A7D-B434-2AEDF7B89817}.Debug|Any CPU.Build.0 = Debug|Any CPU
		{1AD2EB03-4586-4A7D-B434-2AEDF7B89817}.Debug|x64.ActiveCfg = Debug|Any CPU
		{1AD2EB03-4586-4A7D-B434-2AEDF7B89817}.Debug|x64.Build.0 = Debug|Any CPU
		{1AD2EB03-4586-4A7D-B434-2AEDF7B89817}.Debug|x86.ActiveCfg = Debug|Any CPU
		{1AD2EB03-4586-4A7D-B434-2AEDF7B89817}.Debug|x86.Build.0 = Debug|Any CPU
		{1AD2EB03-4586-4A7D-B434-2AEDF7B89817}.Release|Any CPU.ActiveCfg = Release|Any CPU
		{1AD2EB03-4586-4A7D-B434-2AEDF7B89817}.Release|Any CPU.Build.0 = Release|Any CPU
		{1AD2EB03-4586-4A7D-B434-2AEDF7B89817}.Release|x64.ActiveCfg = Release|Any CPU
		{1AD2EB03-4586-4A7D-B434-2AEDF7B89817}.Release|x64.Build.0 = Release|Any CPU
		{1AD2EB03-4586-4A7D-B434-2AEDF7B89817}.Release|x86.ActiveCfg = Release|Any CPU
		{1AD2EB03-4586-4A7D-B434-2AEDF7B89817}.Release|x86.Build.0 = Release|Any CPU
		{2DB25539-2372-4E08-962C-CE870B0414BA}.Debug|Any CPU.ActiveCfg = Debug|Any CPU
		{2DB25539-2372-4E08-962C-CE870B0414BA}.Debug|Any CPU.Build.0 = Debug|Any CPU
		{2DB25539-2372-4E08-962C-CE870B0414BA}.Debug|x64.ActiveCfg = Debug|Any CPU
		{2DB25539-2372-4E08-962C-CE870B0414BA}.Debug|x64.Build.0 = Debug|Any CPU
		{2DB25539-2372-4E08-962C-CE870B0414BA}.Debug|x86.ActiveCfg = Debug|Any CPU
		{2DB25539-2372-4E08-962C-CE870B0414BA}.Debug|x86.Build.0 = Debug|Any CPU
		{2DB25539-2372-4E08-962C-CE870B0414BA}.Release|Any CPU.ActiveCfg = Release|Any CPU
		{2DB25539-2372-4E08-962C-CE870B0414BA}.Release|Any CPU.Build.0 = Release|Any CPU
		{2DB25539-2372-4E08-962C-CE870B0414BA}.Release|x64.ActiveCfg = Release|Any CPU
		{2DB25539-2372-4E08-962C-CE870B0414BA}.Release|x64.Build.0 = Release|Any CPU
		{2DB25539-2372-4E08-962C-CE870B0414BA}.Release|x86.ActiveCfg = Release|Any CPU
		{2DB25539-2372-4E08-962C-CE870B0414BA}.Release|x86.Build.0 = Release|Any CPU
	EndGlobalSection
	GlobalSection(SolutionProperties) = preSolution
		HideSolutionNode = FALSE
	EndGlobalSection
	GlobalSection(ExtensibilityGlobals) = postSolution
		SolutionGuid = {6A9BF6F9-E681-4777-B187-18A689E54311}
	EndGlobalSection
EndGlobal
